
Microsoft Visual Studio Solution File, Format Version 12.00
# Visual Studio Version 17
VisualStudioVersion = 17.0.31919.166
MinimumVisualStudioVersion = 10.0.40219.1
Project("{FAE04EC0-301F-11D3-BF4B-00C04F79EFBC}") = "zxc", "zxc\zxc.csproj", "{071F119A-B6D0-43DD-A3D9-B5104919DCAD}"
EndProject
Global
	GlobalSection(SolutionConfigurationPlatforms) = preSolution
		Debug|Any CPU = Debug|Any CPU
		Debug|x86 = Debug|x86
		Release|Any CPU = Release|Any CPU
		Release|x86 = Release|x86
	EndGlobalSection
	GlobalSection(ProjectConfigurationPlatforms) = postSolution
		{071F119A-B6D0-43DD-A3D9-B5104919DCAD}.Debug|Any CPU.ActiveCfg = Debug|Any CPU
		{071F119A-B6D0-43DD-A3D9-B5104919DCAD}.Debug|Any CPU.Build.0 = Debug|Any CPU
		{071F119A-B6D0-43DD-A3D9-B5104919DCAD}.Debug|x86.ActiveCfg = Debug|x86
		{071F119A-B6D0-43DD-A3D9-B5104919DCAD}.Debug|x86.Build.0 = Debug|x86
		{071F119A-B6D0-43DD-A3D9-B5104919DCAD}.Release|Any CPU.ActiveCfg = Release|Any CPU
		{071F119A-B6D0-43DD-A3D9-B5104919DCAD}.Release|Any CPU.Build.0 = Release|Any CPU
		{071F119A-B6D0-43DD-A3D9-B5104919DCAD}.Release|x86.ActiveCfg = Release|x86
		{071F119A-B6D0-43DD-A3D9-B5104919DCAD}.Release|x86.Build.0 = Release|x86
	EndGlobalSection
	GlobalSection(SolutionProperties) = preSolution
		HideSolutionNode = FALSE
	EndGlobalSection
	GlobalSection(ExtensibilityGlobals) = postSolution
		SolutionGuid = {B8F2F440-A2BE-48B2-A049-F36EDAA9F008}
	EndGlobalSection
EndGlobal
